
Microsoft Visual Studio Solution File, Format Version 12.00
# Visual Studio Version 17
VisualStudioVersion = 17.3.32728.150
MinimumVisualStudioVersion = 10.0.40219.1
Project("{FAE04EC0-301F-11D3-BF4B-00C04F79EFBC}") = "PatLovesLearning", "PatLovesLearning.csproj", "{AE7CB849-7A2D-48C7-A207-994FC9FACEDE}"
EndProject
Global
	GlobalSection(SolutionConfigurationPlatforms) = preSolution
		Debug|Any CPU = Debug|Any CPU
		Release|Any CPU = Release|Any CPU
	EndGlobalSection
	GlobalSection(ProjectConfigurationPlatforms) = postSolution
		{AE7CB849-7A2D-48C7-A207-994FC9FACEDE}.Debug|Any CPU.ActiveCfg = Debug|Any CPU
		{AE7CB849-7A2D-48C7-A207-994FC9FACEDE}.Debug|Any CPU.Build.0 = Debug|Any CPU
		{AE7CB849-7A2D-48C7-A207-994FC9FACEDE}.Release|Any CPU.ActiveCfg = Release|Any CPU
		{AE7CB849-7A2D-48C7-A207-994FC9FACEDE}.Release|Any CPU.Build.0 = Release|Any CPU
	EndGlobalSection
	GlobalSection(SolutionProperties) = preSolution
		HideSolutionNode = FALSE
	EndGlobalSection
	GlobalSection(ExtensibilityGlobals) = postSolution
		SolutionGuid = {C59C26F2-5BFA-4BBD-A772-0B9C1CA8AEA3}
	EndGlobalSection
EndGlobal
